
Microsoft Visual Studio Solution File, Format Version 12.00
# Visual Studio Version 17
VisualStudioVersion = 17.0.31903.59
MinimumVisualStudioVersion = 10.0.40219.1
Project("{9A19103F-16F7-4668-BE54-9A1E7A4F7556}") = "Rofl.Extract.Data", "Rofl.Extract.Data\Rofl.Extract.Data.csproj", "{62FB494C-B41A-496E-A36D-FCBB3A823D38}"
EndProject
Project("{9A19103F-16F7-4668-BE54-9A1E7A4F7556}") = "Rofl.Extract.Data.SampleApp", "Rofl.Extract.Data.SampleApp\Rofl.Extract.Data.SampleApp.csproj", "{DF7BBEDC-DB4F-4A18-8534-7E3E565FD6A6}"
EndProject
Project("{9A19103F-16F7-4668-BE54-9A1E7A4F7556}") = "Rofl.Extract.Data.Tests", "Rofl.Extract.Data.Tests\Rofl.Extract.Data.Tests.csproj", "{C093AD0E-2F3B-4009-A0CD-8CBA93628D98}"
EndProject
Project("{FAE04EC0-301F-11D3-BF4B-00C04F79EFBC}") = "Rofl.Extract.Data.BenchmarkApp", "Rofl.Extract.Data.BenchmarkApp\Rofl.Extract.Data.BenchmarkApp.csproj", "{0DD5CEC0-2673-46BD-B830-7B616BE5C2D5}"
EndProject
Global
	GlobalSection(SolutionConfigurationPlatforms) = preSolution
		Debug|Any CPU = Debug|Any CPU
		Release|Any CPU = Release|Any CPU
	EndGlobalSection
	GlobalSection(ProjectConfigurationPlatforms) = postSolution
		{62FB494C-B41A-496E-A36D-FCBB3A823D38}.Debug|Any CPU.ActiveCfg = Debug|Any CPU
		{62FB494C-B41A-496E-A36D-FCBB3A823D38}.Debug|Any CPU.Build.0 = Debug|Any CPU
		{62FB494C-B41A-496E-A36D-FCBB3A823D38}.Release|Any CPU.ActiveCfg = Release|Any CPU
		{62FB494C-B41A-496E-A36D-FCBB3A823D38}.Release|Any CPU.Build.0 = Release|Any CPU
		{DF7BBEDC-DB4F-4A18-8534-7E3E565FD6A6}.Debug|Any CPU.ActiveCfg = Debug|Any CPU
		{DF7BBEDC-DB4F-4A18-8534-7E3E565FD6A6}.Debug|Any CPU.Build.0 = Debug|Any CPU
		{DF7BBEDC-DB4F-4A18-8534-7E3E565FD6A6}.Release|Any CPU.ActiveCfg = Release|Any CPU
		{DF7BBEDC-DB4F-4A18-8534-7E3E565FD6A6}.Release|Any CPU.Build.0 = Release|Any CPU
		{C093AD0E-2F3B-4009-A0CD-8CBA93628D98}.Debug|Any CPU.ActiveCfg = Debug|Any CPU
		{C093AD0E-2F3B-4009-A0CD-8CBA93628D98}.Debug|Any CPU.Build.0 = Debug|Any CPU
		{C093AD0E-2F3B-4009-A0CD-8CBA93628D98}.Release|Any CPU.ActiveCfg = Release|Any CPU
		{C093AD0E-2F3B-4009-A0CD-8CBA93628D98}.Release|Any CPU.Build.0 = Release|Any CPU
		{0DD5CEC0-2673-46BD-B830-7B616BE5C2D5}.Debug|Any CPU.ActiveCfg = Debug|Any CPU
		{0DD5CEC0-2673-46BD-B830-7B616BE5C2D5}.Debug|Any CPU.Build.0 = Debug|Any CPU
		{0DD5CEC0-2673-46BD-B830-7B616BE5C2D5}.Release|Any CPU.ActiveCfg = Release|Any CPU
		{0DD5CEC0-2673-46BD-B830-7B616BE5C2D5}.Release|Any CPU.Build.0 = Release|Any CPU
	EndGlobalSection
	GlobalSection(SolutionProperties) = preSolution
		HideSolutionNode = FALSE
	EndGlobalSection
	GlobalSection(ExtensibilityGlobals) = postSolution
		SolutionGuid = {0C69792D-F3D4-4FBD-B551-F0CC041C7508}
	EndGlobalSection
EndGlobal
